// !$*UTF8*$!
{
	archiveVersion = 1;
	classes = {
	};
	objectVersion = 46;
	objects = {

/* Begin PBXBuildFile section */
		89CE36181F3C51FF0001BD3E /* AppDelegate.swift in Sources */ = {isa = PBXBuildFile; fileRef = 89CE36171F3C51FF0001BD3E /* AppDelegate.swift */; };
		89CE361A1F3C51FF0001BD3E /* ViewController.swift in Sources */ = {isa = PBXBuildFile; fileRef = 89CE36191F3C51FF0001BD3E /* ViewController.swift */; };
		89CE361D1F3C51FF0001BD3E /* Main.storyboard in Resources */ = {isa = PBXBuildFile; fileRef = 89CE361B1F3C51FF0001BD3E /* Main.storyboard */; };
		89CE361F1F3C51FF0001BD3E /* Assets.xcassets in Resources */ = {isa = PBXBuildFile; fileRef = 89CE361E1F3C51FF0001BD3E /* Assets.xcassets */; };
		89CE36221F3C51FF0001BD3E /* LaunchScreen.storyboard in Resources */ = {isa = PBXBuildFile; fileRef = 89CE36201F3C51FF0001BD3E /* LaunchScreen.storyboard */; };
/* End PBXBuildFile section */

/* Begin PBXFileReference section */
		89CE36141F3C51FF0001BD3E /* ListenToMe.app */ = {isa = PBXFileReference; explicitFileType = wrapper.application; includeInIndex = 0; path = ListenToMe.app; sourceTree = BUILT_PRODUCTS_DIR; };
		89CE36171F3C51FF0001BD3E /* AppDelegate.swift */ = {isa = PBXFileReference; lastKnownFileType = sourcecode.swift; path = AppDelegate.swift; sourceTree = "<group>"; };
		89CE36191F3C51FF0001BD3E /* ViewController.swift */ = {isa = PBXFileReference; lastKnownFileType = sourcecode.swift; path = ViewController.swift; sourceTree = "<group>"; };
		89CE361C1F3C51FF0001BD3E /* Base */ = {isa = PBXFileReference; lastKnownFileType = file.storyboard; name = Base; path = Base.lproj/Main.storyboard; sourceTree = "<group>"; };
		89CE361E1F3C51FF0001BD3E /* Assets.xcassets */ = {isa = PBXFileReference; lastKnownFileType = folder.assetcatalog; path = Assets.xcassets; sourceTree = "<group>"; };
		89CE36211F3C51FF0001BD3E /* Base */ = {isa = PBXFileReference; lastKnownFileType = file.storyboard; name = Base; path = Base.lproj/LaunchScreen.storyboard; sourceTree = "<group>"; };
		89CE36231F3C51FF0001BD3E /* Info.plist */ = {isa = PBXFileReference; lastKnownFileType = text.plist.xml; path = Info.plist; sourceTree = "<group>"; };
/* End PBXFileReference section */

/* Begin PBXFrameworksBuildPhase section */
		89CE36111F3C51FF0001BD3E /* Frameworks */ = {
			isa = PBXFrameworksBuildPhase;
			buildActionMask = 2147483647;
			files = (
			);
			runOnlyForDeploymentPostprocessing = 0;
		};
/* End PBXFrameworksBuildPhase section */

/* Begin PBXGroup section */
		89CE360B1F3C51FF0001BD3E = {
			isa = PBXGroup;
			children = (
				89CE36161F3C51FF0001BD3E /* ListenToMe */,
				89CE36151F3C51FF0001BD3E /* Products */,
			);
			sourceTree = "<group>";
		};
		89CE36151F3C51FF0001BD3E /* Products */ = {
			isa = PBXGroup;
			children = (
				89CE36141F3C51FF0001BD3E /* ListenToMe.app */,
			);
			name = Products;
			sourceTree = "<group>";
		};
		89CE36161F3C51FF0001BD3E /* ListenToMe */ = {
			isa = PBXGroup;
			children = (
				89CE36291F3C52EF0001BD3E /* Supplements */,
				89CE36191F3C51FF0001BD3E /* ViewController.swift */,
				89CE361B1F3C51FF0001BD3E /* Main.storyboard */,
			);
			path = ListenToMe;
			sourceTree = "<group>";
		};
		89CE36291F3C52EF0001BD3E /* Supplements */ = {
			isa = PBXGroup;
			children = (
				89CE36171F3C51FF0001BD3E /* AppDelegate.swift */,
				89CE361E1F3C51FF0001BD3E /* Assets.xcassets */,
				89CE36201F3C51FF0001BD3E /* LaunchScreen.storyboard */,
				89CE36231F3C51FF0001BD3E /* Info.plist */,
			);
			name = Supplements;
			sourceTree = "<group>";
		};
/* End PBXGroup section */

/* Begin PBXNativeTarget section */
		89CE36131F3C51FF0001BD3E /* ListenToMe */ = {
			isa = PBXNativeTarget;
			buildConfigurationList = 89CE36261F3C51FF0001BD3E /* Build configuration list for PBXNativeTarget "ListenToMe" */;
			buildPhases = (
				89CE36101F3C51FF0001BD3E /* Sources */,
				89CE36111F3C51FF0001BD3E /* Frameworks */,
				89CE36121F3C51FF0001BD3E /* Resources */,
			);
			buildRules = (
			);
			dependencies = (
			);
			name = ListenToMe;
			productName = ListenToMe;
			productReference = 89CE36141F3C51FF0001BD3E /* ListenToMe.app */;
			productType = "com.apple.product-type.application";
		};
/* End PBXNativeTarget section */

/* Begin PBXProject section */
		89CE360C1F3C51FF0001BD3E /* Project object */ = {
			isa = PBXProject;
			attributes = {
				LastSwiftUpdateCheck = 0830;
				LastUpgradeCheck = 0830;
				ORGANIZATIONNAME = "Kristina Gelzinyte";
				TargetAttributes = {
					89CE36131F3C51FF0001BD3E = {
						CreatedOnToolsVersion = 8.3.3;
						DevelopmentTeam = PJ8U3CQ43A;
						ProvisioningStyle = Automatic;
					};
				};
			};
			buildConfigurationList = 89CE360F1F3C51FF0001BD3E /* Build configuration list for PBXProject "ListenToMe" */;
			compatibilityVersion = "Xcode 3.2";
			developmentRegion = English;
			hasScannedForEncodings = 0;
			knownRegions = (
				en,
				Base,
			);
			mainGroup = 89CE360B1F3C51FF0001BD3E;
			productRefGroup = 89CE36151F3C51FF0001BD3E /* Products */;
			projectDirPath = "";
			projectRoot = "";
			targets = (
				89CE36131F3C51FF0001BD3E /* ListenToMe */,
			);
		};
/* End PBXProject section */

/* Begin PBXResourcesBuildPhase section */
		89CE36121F3C51FF0001BD3E /* Resources */ = {
			isa = PBXResourcesBuildPhase;
			buildActionMask = 2147483647;
			files = (
				89CE36221F3C51FF0001BD3E /* LaunchScreen.storyboard in Resources */,
				89CE361F1F3C51FF0001BD3E /* Assets.xcassets in Resources */,
				89CE361D1F3C51FF0001BD3E /* Main.storyboard in Resources */,
			);
			runOnlyForDeploymentPostprocessing = 0;
		};
/* End PBXResourcesBuildPhase section */

/* Begin PBXSourcesBuildPhase section */
		89CE36101F3C51FF0001BD3E /* Sources */ = {
			isa = PBXSourcesBuildPhase;
			buildActionMask = 2147483647;
			files = (
				89CE361A1F3C51FF0001BD3E /* ViewController.swift in Sources */,
				89CE36181F3C51FF0001BD3E /* AppDelegate.swift in Sources */,
			);
			runOnlyForDeploymentPostprocessing = 0;
		};
/* End PBXSourcesBuildPhase section */

/* Begin PBXVariantGroup section */
		89CE361B1F3C51FF0001BD3E /* Main.storyboard */ = {
			isa = PBXVariantGroup;
			children = (
				89CE361C1F3C51FF0001BD3E /* Base */,
			);
			name = Main.storyboard;
			sourceTree = "<group>";
		};
		89CE36201F3C51FF0001BD3E /* LaunchScreen.storyboard */ = {
			isa = PBXVariantGroup;
			children = (
				89CE36211F3C51FF0001BD3E /* Base */,
			);
			name = LaunchScreen.storyboard;
			sourceTree = "<group>";
		};
/* End PBXVariantGroup section */

/* Begin XCBuildConfiguration section */
		89CE36241F3C51FF0001BD3E /* Debug */ = {
			isa = XCBuildConfiguration;
			buildSettings = {
				ALWAYS_SEARCH_USER_PATHS = NO;
				CLANG_ANALYZER_NONNULL = YES;
				CLANG_ANALYZER_NUMBER_OBJECT_CONVERSION = YES_AGGRESSIVE;
				CLANG_CXX_LANGUAGE_STANDARD = "gnu++0x";
				CLANG_CXX_LIBRARY = "libc++";
				CLANG_ENABLE_MODULES = YES;
				CLANG_ENABLE_OBJC_ARC = YES;
				CLANG_WARN_BOOL_CONVERSION = YES;
				CLANG_WARN_CONSTANT_CONVERSION = YES;
				CLANG_WARN_DIRECT_OBJC_ISA_USAGE = YES_ERROR;
				CLANG_WARN_DOCUMENTATION_COMMENTS = YES;
				CLANG_WARN_EMPTY_BODY = YES;
				CLANG_WARN_ENUM_CONVERSION = YES;
				CLANG_WARN_INFINITE_RECURSION = YES;
				CLANG_WARN_INT_CONVERSION = YES;
				CLANG_WARN_OBJC_ROOT_CLASS = YES_ERROR;
				CLANG_WARN_SUSPICIOUS_MOVE = YES;
				CLANG_WARN_UNREACHABLE_CODE = YES;
				CLANG_WARN__DUPLICATE_METHOD_MATCH = YES;
				"CODE_SIGN_IDENTITY[sdk=iphoneos*]" = "iPhone Developer";
				COPY_PHASE_STRIP = NO;
				DEBUG_INFORMATION_FORMAT = dwarf;
				ENABLE_STRICT_OBJC_MSGSEND = YES;
				ENABLE_TESTABILITY = YES;
				GCC_C_LANGUAGE_STANDARD = gnu99;
				GCC_DYNAMIC_NO_PIC = NO;
				GCC_NO_COMMON_BLOCKS = YES;
				GCC_OPTIMIZATION_LEVEL = 0;
				GCC_PREPROCESSOR_DEFINITIONS = (
					"DEBUG=1",
					"$(inherited)",
				);
				GCC_WARN_64_TO_32_BIT_CONVERSION = YES;
				GCC_WARN_ABOUT_RETURN_TYPE = YES_ERROR;
				GCC_WARN_UNDECLARED_SELECTOR = YES;
				GCC_WARN_UNINITIALIZED_AUTOS = YES_AGGRESSIVE;
				GCC_WARN_UNUSED_FUNCTION = YES;
				GCC_WARN_UNUSED_VARIABLE = YES;
				IPHONEOS_DEPLOYMENT_TARGET = 10.3;
				MTL_ENABLE_DEBUG_INFO = YES;
				ONLY_ACTIVE_ARCH = YES;
				SDKROOT = iphoneos;
				SWIFT_ACTIVE_COMPILATION_CONDITIONS = DEBUG;
				SWIFT_OPTIMIZATION_LEVEL = "-Onone";
				TARGETED_DEVICE_FAMILY = "1,2";
			};
			name = Debug;
		};
		89CE36251F3C51FF0001BD3E /* Release */ = {
			isa = XCBuildConfiguration;
			buildSettings = {
				ALWAYS_SEARCH_USER_PATHS = NO;
				CLANG_ANALYZER_NONNULL = YES;
				CLANG_ANALYZER_NUMBER_OBJECT_CONVERSION = YES_AGGRESSIVE;
				CLANG_CXX_LANGUAGE_STANDARD = "gnu++0x";
				CLANG_CXX_LIBRARY = "libc++";
				CLANG_ENABLE_MODULES = YES;
				CLANG_ENABLE_OBJC_ARC = YES;
				CLANG_WARN_BOOL_CONVERSION = YES;
				CLANG_WARN_CONSTANT_CONVERSION = YES;
				CLANG_WARN_DIRECT_OBJC_ISA_USAGE = YES_ERROR;
				CLANG_WARN_DOCUMENTATION_COMMENTS = YES;
				CLANG_WARN_EMPTY_BODY = YES;
				CLANG_WARN_ENUM_CONVERSION = YES;
				CLANG_WARN_INFINITE_RECURSION = YES;
				CLANG_WARN_INT_CONVERSION = YES;
				CLANG_WARN_OBJC_ROOT_CLASS = YES_ERROR;
				CLANG_WARN_SUSPICIOUS_MOVE = YES;
				CLANG_WARN_UNREACHABLE_CODE = YES;
				CLANG_WARN__DUPLICATE_METHOD_MATCH = YES;
				"CODE_SIGN_IDENTITY[sdk=iphoneos*]" = "iPhone Developer";
				COPY_PHASE_STRIP = NO;
				DEBUG_INFORMATION_FORMAT = "dwarf-with-dsym";
				ENABLE_NS_ASSERTIONS = NO;
				ENABLE_STRICT_OBJC_MSGSEND = YES;
				GCC_C_LANGUAGE_STANDARD = gnu99;
				GCC_NO_COMMON_BLOCKS = YES;
				GCC_WARN_64_TO_32_BIT_CONVERSION = YES;
				GCC_WARN_ABOUT_RETURN_TYPE = YES_ERROR;
				GCC_WARN_UNDECLARED_SELECTOR = YES;
				GCC_WARN_UNINITIALIZED_AUTOS = YES_AGGRESSIVE;
				GCC_WARN_UNUSED_FUNCTION = YES;
				GCC_WARN_UNUSED_VARIABLE = YES;
				IPHONEOS_DEPLOYMENT_TARGET = 10.3;
				MTL_ENABLE_DEBUG_INFO = NO;
				SDKROOT = iphoneos;
				SWIFT_OPTIMIZATION_LEVEL = "-Owholemodule";
				TARGETED_DEVICE_FAMILY = "1,2";
				VALIDATE_PRODUCT = YES;
			};
			name = Release;
		};
		89CE36271F3C51FF0001BD3E /* Debug */ = {
			isa = XCBuildConfiguration;
			buildSettings = {
				ASSETCATALOG_COMPILER_APPICON_NAME = AppIcon;
				DEVELOPMENT_TEAM = PJ8U3CQ43A;
				INFOPLIST_FILE = ListenToMe/Info.plist;
				LD_RUNPATH_SEARCH_PATHS = "$(inherited) @executable_path/Frameworks";
				PRODUCT_BUNDLE_IDENTIFIER = KG.ListenToMe;
				PRODUCT_NAME = "$(TARGET_NAME)";
				SWIFT_VERSION = 3.0;
				TARGETED_DEVICE_FAMILY = 1;
			};
			name = Debug;
		};
		89CE36281F3C51FF0001BD3E /* Release */ = {
			isa = XCBuildConfiguration;
			buildSettings = {
				ASSETCATALOG_COMPILER_APPICON_NAME = AppIcon;
				DEVELOPMENT_TEAM = PJ8U3CQ43A;
				INFOPLIST_FILE = ListenToMe/Info.plist;
				LD_RUNPATH_SEARCH_PATHS = "$(inherited) @executable_path/Frameworks";
				PRODUCT_BUNDLE_IDENTIFIER = KG.ListenToMe;
				PRODUCT_NAME = "$(TARGET_NAME)";
				SWIFT_VERSION = 3.0;
				TARGETED_DEVICE_FAMILY = 1;
			};
			name = Release;
		};
/* End XCBuildConfiguration section */

/* Begin XCConfigurationList section */
		89CE360F1F3C51FF0001BD3E /* Build configuration list for PBXProject "ListenToMe" */ = {
			isa = XCConfigurationList;
			buildConfigurations = (
				89CE36241F3C51FF0001BD3E /* Debug */,
				89CE36251F3C51FF0001BD3E /* Release */,
			);
			defaultConfigurationIsVisible = 0;
			defaultConfigurationName = Release;
		};
		89CE36261F3C51FF0001BD3E /* Build configuration list for PBXNativeTarget "ListenToMe" */ = {
			isa = XCConfigurationList;
			buildConfigurations = (
				89CE36271F3C51FF0001BD3E /* Debug */,
				89CE36281F3C51FF0001BD3E /* Release */,
			);
			defaultConfigurationIsVisible = 0;
		};
/* End XCConfigurationList section */
	};
	rootObject = 89CE360C1F3C51FF0001BD3E /* Project object */;
}
